
Microsoft Visual Studio Solution File, Format Version 12.00
# Visual Studio Version 17
VisualStudioVersion = 17.2.32616.157
MinimumVisualStudioVersion = 10.0.40219.1
Project("{FAE04EC0-301F-11D3-BF4B-00C04F79EFBC}") = "first_demo", "first_demo\first_demo.csproj", "{B31F0E2B-8FC4-4781-B3A8-AC55150ABF21}"
EndProject
Global
	GlobalSection(SolutionConfigurationPlatforms) = preSolution
		Debug|Any CPU = Debug|Any CPU
		Release|Any CPU = Release|Any CPU
	EndGlobalSection
	GlobalSection(ProjectConfigurationPlatforms) = postSolution
		{B31F0E2B-8FC4-4781-B3A8-AC55150ABF21}.Debug|Any CPU.ActiveCfg = Debug|Any CPU
		{B31F0E2B-8FC4-4781-B3A8-AC55150ABF21}.Debug|Any CPU.Build.0 = Debug|Any CPU
		{B31F0E2B-8FC4-4781-B3A8-AC55150ABF21}.Release|Any CPU.ActiveCfg = Release|Any CPU
		{B31F0E2B-8FC4-4781-B3A8-AC55150ABF21}.Release|Any CPU.Build.0 = Release|Any CPU
	EndGlobalSection
	GlobalSection(SolutionProperties) = preSolution
		HideSolutionNode = FALSE
	EndGlobalSection
	GlobalSection(ExtensibilityGlobals) = postSolution
		SolutionGuid = {7FD803F1-CEFA-4EEF-B040-FE059F89136C}
	EndGlobalSection
EndGlobal
